
Microsoft Visual Studio Solution File, Format Version 12.00
# Visual Studio Version 16
VisualStudioVersion = 16.0.30330.147
MinimumVisualStudioVersion = 10.0.40219.1
Project("{FAE04EC0-301F-11D3-BF4B-00C04F79EFBC}") = "SpeakingInBits", "SpeakingInBits\SpeakingInBits.csproj", "{BE60D783-B532-4DB6-AAA4-21A9ACBDC1A2}"
EndProject
Global
	GlobalSection(SolutionConfigurationPlatforms) = preSolution
		Debug|Any CPU = Debug|Any CPU
		Release|Any CPU = Release|Any CPU
	EndGlobalSection
	GlobalSection(ProjectConfigurationPlatforms) = postSolution
		{BE60D783-B532-4DB6-AAA4-21A9ACBDC1A2}.Debug|Any CPU.ActiveCfg = Debug|Any CPU
		{BE60D783-B532-4DB6-AAA4-21A9ACBDC1A2}.Debug|Any CPU.Build.0 = Debug|Any CPU
		{BE60D783-B532-4DB6-AAA4-21A9ACBDC1A2}.Release|Any CPU.ActiveCfg = Release|Any CPU
		{BE60D783-B532-4DB6-AAA4-21A9ACBDC1A2}.Release|Any CPU.Build.0 = Release|Any CPU
	EndGlobalSection
	GlobalSection(SolutionProperties) = preSolution
		HideSolutionNode = FALSE
	EndGlobalSection
	GlobalSection(ExtensibilityGlobals) = postSolution
		SolutionGuid = {1DCFF716-6800-491E-A178-B27CFB82F85E}
	EndGlobalSection
EndGlobal
